// !$*UTF8*$!
{
	archiveVersion = 1;
	classes = {
	};
	objectVersion = 46;
	objects = {

/* Begin PBXBuildFile section */
		4DA384E4534DE41A870E75FD /* Pods_TIpCalc.framework in Frameworks */ = {isa = PBXBuildFile; fileRef = 1EAF5DD7C2DB80294FE4521A /* Pods_TIpCalc.framework */; };
		9D3035F41EAEBC3800577A01 /* AppDelegate.swift in Sources */ = {isa = PBXBuildFile; fileRef = 9D3035F31EAEBC3800577A01 /* AppDelegate.swift */; };
		9D3035F61EAEBC3800577A01 /* ViewController.swift in Sources */ = {isa = PBXBuildFile; fileRef = 9D3035F51EAEBC3800577A01 /* ViewController.swift */; };
		9D3035F91EAEBC3800577A01 /* Main.storyboard in Resources */ = {isa = PBXBuildFile; fileRef = 9D3035F71EAEBC3800577A01 /* Main.storyboard */; };
		9D3035FB1EAEBC3800577A01 /* Assets.xcassets in Resources */ = {isa = PBXBuildFile; fileRef = 9D3035FA1EAEBC3800577A01 /* Assets.xcassets */; };
		9D3035FE1EAEBC3800577A01 /* LaunchScreen.storyboard in Resources */ = {isa = PBXBuildFile; fileRef = 9D3035FC1EAEBC3800577A01 /* LaunchScreen.storyboard */; };
		9D3036061EAECB2C00577A01 /* calcBack.jpeg in Resources */ = {isa = PBXBuildFile; fileRef = 9D3036051EAECB2C00577A01 /* calcBack.jpeg */; };
		9D3036081EAEE37900577A01 /* GoogleService-Info.plist in Resources */ = {isa = PBXBuildFile; fileRef = 9D3036071EAEE37900577A01 /* GoogleService-Info.plist */; };
/* End PBXBuildFile section */

/* Begin PBXFileReference section */
		1EAF5DD7C2DB80294FE4521A /* Pods_TIpCalc.framework */ = {isa = PBXFileReference; explicitFileType = wrapper.framework; includeInIndex = 0; path = Pods_TIpCalc.framework; sourceTree = BUILT_PRODUCTS_DIR; };
		4C341F95654BE85FE4CB8A5E /* Pods-TIpCalc.debug.xcconfig */ = {isa = PBXFileReference; includeInIndex = 1; lastKnownFileType = text.xcconfig; name = "Pods-TIpCalc.debug.xcconfig"; path = "Pods/Target Support Files/Pods-TIpCalc/Pods-TIpCalc.debug.xcconfig"; sourceTree = "<group>"; };
		9D3035F01EAEBC3800577A01 /* TIpCalc.app */ = {isa = PBXFileReference; explicitFileType = wrapper.application; includeInIndex = 0; path = TIpCalc.app; sourceTree = BUILT_PRODUCTS_DIR; };
		9D3035F31EAEBC3800577A01 /* AppDelegate.swift */ = {isa = PBXFileReference; lastKnownFileType = sourcecode.swift; path = AppDelegate.swift; sourceTree = "<group>"; };
		9D3035F51EAEBC3800577A01 /* ViewController.swift */ = {isa = PBXFileReference; lastKnownFileType = sourcecode.swift; path = ViewController.swift; sourceTree = "<group>"; };
		9D3035F81EAEBC3800577A01 /* Base */ = {isa = PBXFileReference; lastKnownFileType = file.storyboard; name = Base; path = Base.lproj/Main.storyboard; sourceTree = "<group>"; };
		9D3035FA1EAEBC3800577A01 /* Assets.xcassets */ = {isa = PBXFileReference; lastKnownFileType = folder.assetcatalog; path = Assets.xcassets; sourceTree = "<group>"; };
		9D3035FD1EAEBC3800577A01 /* Base */ = {isa = PBXFileReference; lastKnownFileType = file.storyboard; name = Base; path = Base.lproj/LaunchScreen.storyboard; sourceTree = "<group>"; };
		9D3035FF1EAEBC3800577A01 /* Info.plist */ = {isa = PBXFileReference; lastKnownFileType = text.plist.xml; path = Info.plist; sourceTree = "<group>"; };
		9D3036051EAECB2C00577A01 /* calcBack.jpeg */ = {isa = PBXFileReference; lastKnownFileType = image.jpeg; path = calcBack.jpeg; sourceTree = "<group>"; };
		9D3036071EAEE37900577A01 /* GoogleService-Info.plist */ = {isa = PBXFileReference; fileEncoding = 4; lastKnownFileType = text.plist.xml; path = "GoogleService-Info.plist"; sourceTree = "<group>"; };
		9D3036091EAEF37300577A01 /* TIpCalcProvFile.mobileprovision */ = {isa = PBXFileReference; lastKnownFileType = file; path = TIpCalcProvFile.mobileprovision; sourceTree = "<group>"; };
		B98BF1A43CE2EE36981F8CCA /* Pods-TIpCalc.release.xcconfig */ = {isa = PBXFileReference; includeInIndex = 1; lastKnownFileType = text.xcconfig; name = "Pods-TIpCalc.release.xcconfig"; path = "Pods/Target Support Files/Pods-TIpCalc/Pods-TIpCalc.release.xcconfig"; sourceTree = "<group>"; };
/* End PBXFileReference section */

/* Begin PBXFrameworksBuildPhase section */
		9D3035ED1EAEBC3800577A01 /* Frameworks */ = {
			isa = PBXFrameworksBuildPhase;
			buildActionMask = 2147483647;
			files = (
				4DA384E4534DE41A870E75FD /* Pods_TIpCalc.framework in Frameworks */,
			);
			runOnlyForDeploymentPostprocessing = 0;
		};
/* End PBXFrameworksBuildPhase section */

/* Begin PBXGroup section */
		05AB1BF6188E1045E1BD7CA0 /* Frameworks */ = {
			isa = PBXGroup;
			children = (
				1EAF5DD7C2DB80294FE4521A /* Pods_TIpCalc.framework */,
			);
			name = Frameworks;
			sourceTree = "<group>";
		};
		9D3035E71EAEBC3800577A01 = {
			isa = PBXGroup;
			children = (
				9D3035F21EAEBC3800577A01 /* TIpCalc */,
				9D3035F11EAEBC3800577A01 /* Products */,
				DA41B61E9A1D845C64B85E31 /* Pods */,
				05AB1BF6188E1045E1BD7CA0 /* Frameworks */,
			);
			sourceTree = "<group>";
		};
		9D3035F11EAEBC3800577A01 /* Products */ = {
			isa = PBXGroup;
			children = (
				9D3035F01EAEBC3800577A01 /* TIpCalc.app */,
			);
			name = Products;
			sourceTree = "<group>";
		};
		9D3035F21EAEBC3800577A01 /* TIpCalc */ = {
			isa = PBXGroup;
			children = (
				9D3036091EAEF37300577A01 /* TIpCalcProvFile.mobileprovision */,
				9D3035F31EAEBC3800577A01 /* AppDelegate.swift */,
				9D3035F51EAEBC3800577A01 /* ViewController.swift */,
				9D3035F71EAEBC3800577A01 /* Main.storyboard */,
				9D3035FA1EAEBC3800577A01 /* Assets.xcassets */,
				9D3036051EAECB2C00577A01 /* calcBack.jpeg */,
				9D3035FC1EAEBC3800577A01 /* LaunchScreen.storyboard */,
				9D3035FF1EAEBC3800577A01 /* Info.plist */,
				9D3036071EAEE37900577A01 /* GoogleService-Info.plist */,
			);
			path = TIpCalc;
			sourceTree = "<group>";
		};
		DA41B61E9A1D845C64B85E31 /* Pods */ = {
			isa = PBXGroup;
			children = (
				4C341F95654BE85FE4CB8A5E /* Pods-TIpCalc.debug.xcconfig */,
				B98BF1A43CE2EE36981F8CCA /* Pods-TIpCalc.release.xcconfig */,
			);
			name = Pods;
			sourceTree = "<group>";
		};
/* End PBXGroup section */

/* Begin PBXNativeTarget section */
		9D3035EF1EAEBC3800577A01 /* TIpCalc */ = {
			isa = PBXNativeTarget;
			buildConfigurationList = 9D3036021EAEBC3800577A01 /* Build configuration list for PBXNativeTarget "TIpCalc" */;
			buildPhases = (
				518A60FD40A269762A320415 /* [CP] Check Pods Manifest.lock */,
				9D3035EC1EAEBC3800577A01 /* Sources */,
				9D3035ED1EAEBC3800577A01 /* Frameworks */,
				9D3035EE1EAEBC3800577A01 /* Resources */,
				13D62CDAF1BE16C0846AEF7E /* [CP] Embed Pods Frameworks */,
				188F18CF3A39238974964EC5 /* [CP] Copy Pods Resources */,
			);
			buildRules = (
			);
			dependencies = (
			);
			name = TIpCalc;
			productName = TIpCalc;
			productReference = 9D3035F01EAEBC3800577A01 /* TIpCalc.app */;
			productType = "com.apple.product-type.application";
		};
/* End PBXNativeTarget section */

/* Begin PBXProject section */
		9D3035E81EAEBC3800577A01 /* Project object */ = {
			isa = PBXProject;
			attributes = {
				LastSwiftUpdateCheck = 0830;
				LastUpgradeCheck = 0830;
				ORGANIZATIONNAME = "Daniel Stephenson";
				TargetAttributes = {
					9D3035EF1EAEBC3800577A01 = {
						CreatedOnToolsVersion = 8.3.2;
						DevelopmentTeam = 63TQM7UJ49;
						ProvisioningStyle = Automatic;
					};
				};
			};
			buildConfigurationList = 9D3035EB1EAEBC3800577A01 /* Build configuration list for PBXProject "TIpCalc" */;
			compatibilityVersion = "Xcode 3.2";
			developmentRegion = English;
			hasScannedForEncodings = 0;
			knownRegions = (
				en,
				Base,
			);
			mainGroup = 9D3035E71EAEBC3800577A01;
			productRefGroup = 9D3035F11EAEBC3800577A01 /* Products */;
			projectDirPath = "";
			projectRoot = "";
			targets = (
				9D3035EF1EAEBC3800577A01 /* TIpCalc */,
			);
		};
/* End PBXProject section */

/* Begin PBXResourcesBuildPhase section */
		9D3035EE1EAEBC3800577A01 /* Resources */ = {
			isa = PBXResourcesBuildPhase;
			buildActionMask = 2147483647;
			files = (
				9D3035FE1EAEBC3800577A01 /* LaunchScreen.storyboard in Resources */,
				9D3036061EAECB2C00577A01 /* calcBack.jpeg in Resources */,
				9D3036081EAEE37900577A01 /* GoogleService-Info.plist in Resources */,
				9D3035FB1EAEBC3800577A01 /* Assets.xcassets in Resources */,
				9D3035F91EAEBC3800577A01 /* Main.storyboard in Resources */,
			);
			runOnlyForDeploymentPostprocessing = 0;
		};
/* End PBXResourcesBuildPhase section */

/* Begin PBXShellScriptBuildPhase section */
		13D62CDAF1BE16C0846AEF7E /* [CP] Embed Pods Frameworks */ = {
			isa = PBXShellScriptBuildPhase;
			buildActionMask = 2147483647;
			files = (
			);
			inputPaths = (
			);
			name = "[CP] Embed Pods Frameworks";
			outputPaths = (
			);
			runOnlyForDeploymentPostprocessing = 0;
			shellPath = /bin/sh;
			shellScript = "\"${SRCROOT}/Pods/Target Support Files/Pods-TIpCalc/Pods-TIpCalc-frameworks.sh\"\n";
			showEnvVarsInLog = 0;
		};
		188F18CF3A39238974964EC5 /* [CP] Copy Pods Resources */ = {
			isa = PBXShellScriptBuildPhase;
			buildActionMask = 2147483647;
			files = (
			);
			inputPaths = (
			);
			name = "[CP] Copy Pods Resources";
			outputPaths = (
			);
			runOnlyForDeploymentPostprocessing = 0;
			shellPath = /bin/sh;
			shellScript = "\"${SRCROOT}/Pods/Target Support Files/Pods-TIpCalc/Pods-TIpCalc-resources.sh\"\n";
			showEnvVarsInLog = 0;
		};
		518A60FD40A269762A320415 /* [CP] Check Pods Manifest.lock */ = {
			isa = PBXShellScriptBuildPhase;
			buildActionMask = 2147483647;
			files = (
			);
			inputPaths = (
			);
			name = "[CP] Check Pods Manifest.lock";
			outputPaths = (
			);
			runOnlyForDeploymentPostprocessing = 0;
			shellPath = /bin/sh;
			shellScript = "diff \"${PODS_ROOT}/../Podfile.lock\" \"${PODS_ROOT}/Manifest.lock\" > /dev/null\nif [ $? != 0 ] ; then\n    # print error to STDERR\n    echo \"error: The sandbox is not in sync with the Podfile.lock. Run 'pod install' or update your CocoaPods installation.\" >&2\n    exit 1\nfi\n";
			showEnvVarsInLog = 0;
		};
/* End PBXShellScriptBuildPhase section */

/* Begin PBXSourcesBuildPhase section */
		9D3035EC1EAEBC3800577A01 /* Sources */ = {
			isa = PBXSourcesBuildPhase;
			buildActionMask = 2147483647;
			files = (
				9D3035F61EAEBC3800577A01 /* ViewController.swift in Sources */,
				9D3035F41EAEBC3800577A01 /* AppDelegate.swift in Sources */,
			);
			runOnlyForDeploymentPostprocessing = 0;
		};
/* End PBXSourcesBuildPhase section */

/* Begin PBXVariantGroup section */
		9D3035F71EAEBC3800577A01 /* Main.storyboard */ = {
			isa = PBXVariantGroup;
			children = (
				9D3035F81EAEBC3800577A01 /* Base */,
			);
			name = Main.storyboard;
			sourceTree = "<group>";
		};
		9D3035FC1EAEBC3800577A01 /* LaunchScreen.storyboard */ = {
			isa = PBXVariantGroup;
			children = (
				9D3035FD1EAEBC3800577A01 /* Base */,
			);
			name = LaunchScreen.storyboard;
			sourceTree = "<group>";
		};
/* End PBXVariantGroup section */

/* Begin XCBuildConfiguration section */
		9D3036001EAEBC3800577A01 /* Debug */ = {
			isa = XCBuildConfiguration;
			buildSettings = {
				ALWAYS_SEARCH_USER_PATHS = NO;
				CLANG_ANALYZER_NONNULL = YES;
				CLANG_ANALYZER_NUMBER_OBJECT_CONVERSION = YES_AGGRESSIVE;
				CLANG_CXX_LANGUAGE_STANDARD = "gnu++0x";
				CLANG_CXX_LIBRARY = "libc++";
				CLANG_ENABLE_MODULES = YES;
				CLANG_ENABLE_OBJC_ARC = YES;
				CLANG_WARN_BOOL_CONVERSION = YES;
				CLANG_WARN_CONSTANT_CONVERSION = YES;
				CLANG_WARN_DIRECT_OBJC_ISA_USAGE = YES_ERROR;
				CLANG_WARN_DOCUMENTATION_COMMENTS = YES;
				CLANG_WARN_EMPTY_BODY = YES;
				CLANG_WARN_ENUM_CONVERSION = YES;
				CLANG_WARN_INFINITE_RECURSION = YES;
				CLANG_WARN_INT_CONVERSION = YES;
				CLANG_WARN_OBJC_ROOT_CLASS = YES_ERROR;
				CLANG_WARN_SUSPICIOUS_MOVE = YES;
				CLANG_WARN_UNREACHABLE_CODE = YES;
				CLANG_WARN__DUPLICATE_METHOD_MATCH = YES;
				"CODE_SIGN_IDENTITY[sdk=iphoneos*]" = "iPhone Developer";
				COPY_PHASE_STRIP = NO;
				DEBUG_INFORMATION_FORMAT = dwarf;
				ENABLE_STRICT_OBJC_MSGSEND = YES;
				ENABLE_TESTABILITY = YES;
				GCC_C_LANGUAGE_STANDARD = gnu99;
				GCC_DYNAMIC_NO_PIC = NO;
				GCC_NO_COMMON_BLOCKS = YES;
				GCC_OPTIMIZATION_LEVEL = 0;
				GCC_PREPROCESSOR_DEFINITIONS = (
					"DEBUG=1",
					"$(inherited)",
				);
				GCC_WARN_64_TO_32_BIT_CONVERSION = YES;
				GCC_WARN_ABOUT_RETURN_TYPE = YES_ERROR;
				GCC_WARN_UNDECLARED_SELECTOR = YES;
				GCC_WARN_UNINITIALIZED_AUTOS = YES_AGGRESSIVE;
				GCC_WARN_UNUSED_FUNCTION = YES;
				GCC_WARN_UNUSED_VARIABLE = YES;
				IPHONEOS_DEPLOYMENT_TARGET = 10.3;
				MTL_ENABLE_DEBUG_INFO = YES;
				ONLY_ACTIVE_ARCH = YES;
				SDKROOT = iphoneos;
				SWIFT_ACTIVE_COMPILATION_CONDITIONS = DEBUG;
				SWIFT_OPTIMIZATION_LEVEL = "-Onone";
				TARGETED_DEVICE_FAMILY = "1,2";
			};
			name = Debug;
		};
		9D3036011EAEBC3800577A01 /* Release */ = {
			isa = XCBuildConfiguration;
			buildSettings = {
				ALWAYS_SEARCH_USER_PATHS = NO;
				CLANG_ANALYZER_NONNULL = YES;
				CLANG_ANALYZER_NUMBER_OBJECT_CONVERSION = YES_AGGRESSIVE;
				CLANG_CXX_LANGUAGE_STANDARD = "gnu++0x";
				CLANG_CXX_LIBRARY = "libc++";
				CLANG_ENABLE_MODULES = YES;
				CLANG_ENABLE_OBJC_ARC = YES;
				CLANG_WARN_BOOL_CONVERSION = YES;
				CLANG_WARN_CONSTANT_CONVERSION = YES;
				CLANG_WARN_DIRECT_OBJC_ISA_USAGE = YES_ERROR;
				CLANG_WARN_DOCUMENTATION_COMMENTS = YES;
				CLANG_WARN_EMPTY_BODY = YES;
				CLANG_WARN_ENUM_CONVERSION = YES;
				CLANG_WARN_INFINITE_RECURSION = YES;
				CLANG_WARN_INT_CONVERSION = YES;
				CLANG_WARN_OBJC_ROOT_CLASS = YES_ERROR;
				CLANG_WARN_SUSPICIOUS_MOVE = YES;
				CLANG_WARN_UNREACHABLE_CODE = YES;
				CLANG_WARN__DUPLICATE_METHOD_MATCH = YES;
				"CODE_SIGN_IDENTITY[sdk=iphoneos*]" = "iPhone Developer";
				COPY_PHASE_STRIP = NO;
				DEBUG_INFORMATION_FORMAT = "dwarf-with-dsym";
				ENABLE_NS_ASSERTIONS = NO;
				ENABLE_STRICT_OBJC_MSGSEND = YES;
				GCC_C_LANGUAGE_STANDARD = gnu99;
				GCC_NO_COMMON_BLOCKS = YES;
				GCC_WARN_64_TO_32_BIT_CONVERSION = YES;
				GCC_WARN_ABOUT_RETURN_TYPE = YES_ERROR;
				GCC_WARN_UNDECLARED_SELECTOR = YES;
				GCC_WARN_UNINITIALIZED_AUTOS = YES_AGGRESSIVE;
				GCC_WARN_UNUSED_FUNCTION = YES;
				GCC_WARN_UNUSED_VARIABLE = YES;
				IPHONEOS_DEPLOYMENT_TARGET = 10.3;
				MTL_ENABLE_DEBUG_INFO = NO;
				SDKROOT = iphoneos;
				SWIFT_OPTIMIZATION_LEVEL = "-Owholemodule";
				TARGETED_DEVICE_FAMILY = "1,2";
				VALIDATE_PRODUCT = YES;
			};
			name = Release;
		};
		9D3036031EAEBC3800577A01 /* Debug */ = {
			isa = XCBuildConfiguration;
			baseConfigurationReference = 4C341F95654BE85FE4CB8A5E /* Pods-TIpCalc.debug.xcconfig */;
			buildSettings = {
				ASSETCATALOG_COMPILER_APPICON_NAME = AppIcon;
				DEVELOPMENT_TEAM = 63TQM7UJ49;
				INFOPLIST_FILE = TIpCalc/Info.plist;
				LD_RUNPATH_SEARCH_PATHS = "$(inherited) @executable_path/Frameworks";
				PRODUCT_BUNDLE_IDENTIFIER = com.zilk.TIpCalc;
				PRODUCT_NAME = "$(TARGET_NAME)";
				SWIFT_VERSION = 3.0;
			};
			name = Debug;
		};
		9D3036041EAEBC3800577A01 /* Release */ = {
			isa = XCBuildConfiguration;
			baseConfigurationReference = B98BF1A43CE2EE36981F8CCA /* Pods-TIpCalc.release.xcconfig */;
			buildSettings = {
				ASSETCATALOG_COMPILER_APPICON_NAME = AppIcon;
				DEVELOPMENT_TEAM = 63TQM7UJ49;
				INFOPLIST_FILE = TIpCalc/Info.plist;
				LD_RUNPATH_SEARCH_PATHS = "$(inherited) @executable_path/Frameworks";
				PRODUCT_BUNDLE_IDENTIFIER = com.zilk.TIpCalc;
				PRODUCT_NAME = "$(TARGET_NAME)";
				SWIFT_VERSION = 3.0;
			};
			name = Release;
		};
/* End XCBuildConfiguration section */

/* Begin XCConfigurationList section */
		9D3035EB1EAEBC3800577A01 /* Build configuration list for PBXProject "TIpCalc" */ = {
			isa = XCConfigurationList;
			buildConfigurations = (
				9D3036001EAEBC3800577A01 /* Debug */,
				9D3036011EAEBC3800577A01 /* Release */,
			);
			defaultConfigurationIsVisible = 0;
			defaultConfigurationName = Release;
		};
		9D3036021EAEBC3800577A01 /* Build configuration list for PBXNativeTarget "TIpCalc" */ = {
			isa = XCConfigurationList;
			buildConfigurations = (
				9D3036031EAEBC3800577A01 /* Debug */,
				9D3036041EAEBC3800577A01 /* Release */,
			);
			defaultConfigurationIsVisible = 0;
			defaultConfigurationName = Release;
		};
/* End XCConfigurationList section */
	};
	rootObject = 9D3035E81EAEBC3800577A01 /* Project object */;
}
